// !$*UTF8*$!
{
	archiveVersion = 1;
	classes = {
	};
	objectVersion = 77;
	objects = {

/* Begin PBXBuildFile section */
		A6E000000000000000C0DE03 /* AgePonyCore in Frameworks */ = {isa = PBXBuildFile; productRef = A6E000000000000000C0DE02 /* AgePonyCore */; };
/* End PBXBuildFile section */

/* Begin PBXContainerItemProxy section */
		11E4FF7D2FC70AC200C6FAC9 /* PBXContainerItemProxy */ = {
			isa = PBXContainerItemProxy;
			containerPortal = 11E4FF652FC70AC000C6FAC9 /* Project object */;
			proxyType = 1;
			remoteGlobalIDString = 11E4FF6C2FC70AC000C6FAC9;
			remoteInfo = AgePony;
		};
		11E4FF872FC70AC200C6FAC9 /* PBXContainerItemProxy */ = {
			isa = PBXContainerItemProxy;
			containerPortal = 11E4FF652FC70AC000C6FAC9 /* Project object */;
			proxyType = 1;
			remoteGlobalIDString = 11E4FF6C2FC70AC000C6FAC9;
			remoteInfo = AgePony;
		};
/* End PBXContainerItemProxy section */

/* Begin PBXFileReference section */
		11E4FF6D2FC70AC000C6FAC9 /* AgePony.app */ = {isa = PBXFileReference; explicitFileType = wrapper.application; includeInIndex = 0; path = AgePony.app; sourceTree = BUILT_PRODUCTS_DIR; };
		11E4FF7C2FC70AC200C6FAC9 /* AgePonyTests.xctest */ = {isa = PBXFileReference; explicitFileType = wrapper.cfbundle; includeInIndex = 0; path = AgePonyTests.xctest; sourceTree = BUILT_PRODUCTS_DIR; };
		11E4FF862FC70AC200C6FAC9 /* AgePonyUITests.xctest */ = {isa = PBXFileReference; explicitFileType = wrapper.cfbundle; includeInIndex = 0; path = AgePonyUITests.xctest; sourceTree = BUILT_PRODUCTS_DIR; };
		11E4FFA72FC712FB00C6FAC9 /* Bech32Tests.swift */ = {isa = PBXFileReference; lastKnownFileType = sourcecode.swift; path = Bech32Tests.swift; sourceTree = "<group>"; };
		11E4FFA82FC712FB00C6FAC9 /* ScryptTests.swift */ = {isa = PBXFileReference; lastKnownFileType = sourcecode.swift; path = ScryptTests.swift; sourceTree = "<group>"; };
		A6E000000000000000C0DE18 /* AgePonyShareExtension.appex */ = {isa = PBXFileReference; explicitFileType = "wrapper.app-extension"; includeInIndex = 0; path = AgePonyShareExtension.appex; sourceTree = BUILT_PRODUCTS_DIR; };
/* End PBXFileReference section */

/* Begin PBXFileSystemSynchronizedRootGroup section */
		11E4FF6F2FC70AC000C6FAC9 /* AgePony */ = {
			isa = PBXFileSystemSynchronizedRootGroup;
			path = AgePony;
			sourceTree = "<group>";
		};
		11E4FF7F2FC70AC200C6FAC9 /* AgePonyTests */ = {
			isa = PBXFileSystemSynchronizedRootGroup;
			path = AgePonyTests;
			sourceTree = "<group>";
		};
		11E4FF892FC70AC200C6FAC9 /* AgePonyUITests */ = {
			isa = PBXFileSystemSynchronizedRootGroup;
			path = AgePonyUITests;
			sourceTree = "<group>";
		};
		A6E000000000000000C0DE11 /* AgePonyShareExtension */ = {
			isa = PBXFileSystemSynchronizedRootGroup;
			path = AgePonyShareExtension;
			sourceTree = "<group>";
		};
/* End PBXFileSystemSynchronizedRootGroup section */

/* Begin PBXFrameworksBuildPhase section */
		11E4FF6A2FC70AC000C6FAC9 /* Frameworks */ = {
			isa = PBXFrameworksBuildPhase;
			buildActionMask = 2147483647;
			files = (
				A6E000000000000000C0DE03 /* AgePonyCore in Frameworks */,
			);
			runOnlyForDeploymentPostprocessing = 0;
		};
		11E4FF792FC70AC200C6FAC9 /* Frameworks */ = {
			isa = PBXFrameworksBuildPhase;
			buildActionMask = 2147483647;
			files = (
			);
			runOnlyForDeploymentPostprocessing = 0;
		};
		11E4FF832FC70AC200C6FAC9 /* Frameworks */ = {
			isa = PBXFrameworksBuildPhase;
			buildActionMask = 2147483647;
			files = (
			);
			runOnlyForDeploymentPostprocessing = 0;
		};
		A6E000000000000000C0DE13 /* Frameworks */ = {
			isa = PBXFrameworksBuildPhase;
			buildActionMask = 2147483647;
			files = (
			);
			runOnlyForDeploymentPostprocessing = 0;
		};
/* End PBXFrameworksBuildPhase section */

/* Begin PBXGroup section */
		11E4FF642FC70AC000C6FAC9 = {
			isa = PBXGroup;
			children = (
				11E4FFAA2FC712FB00C6FAC9 /* Tests */,
				11E4FF6F2FC70AC000C6FAC9 /* AgePony */,
				A6E000000000000000C0DE11 /* AgePonyShareExtension */,
				11E4FF7F2FC70AC200C6FAC9 /* AgePonyTests */,
				11E4FF892FC70AC200C6FAC9 /* AgePonyUITests */,
				11E4FF6E2FC70AC000C6FAC9 /* Products */,
			);
			sourceTree = "<group>";
		};
		11E4FF6E2FC70AC000C6FAC9 /* Products */ = {
			isa = PBXGroup;
			children = (
				11E4FF6D2FC70AC000C6FAC9 /* AgePony.app */,
				A6E000000000000000C0DE18 /* AgePonyShareExtension.appex */,
				11E4FF7C2FC70AC200C6FAC9 /* AgePonyTests.xctest */,
				11E4FF862FC70AC200C6FAC9 /* AgePonyUITests.xctest */,
			);
			name = Products;
			sourceTree = "<group>";
		};
		11E4FFA92FC712FB00C6FAC9 /* AgePonyCoreTests */ = {
			isa = PBXGroup;
			children = (
				11E4FFA72FC712FB00C6FAC9 /* Bech32Tests.swift */,
				11E4FFA82FC712FB00C6FAC9 /* ScryptTests.swift */,
			);
			path = AgePonyCoreTests;
			sourceTree = "<group>";
		};
		11E4FFAA2FC712FB00C6FAC9 /* Tests */ = {
			isa = PBXGroup;
			children = (
				11E4FFA92FC712FB00C6FAC9 /* AgePonyCoreTests */,
			);
			path = Tests;
			sourceTree = "<group>";
		};
/* End PBXGroup section */

/* Begin PBXNativeTarget section */
		11E4FF6C2FC70AC000C6FAC9 /* AgePony */ = {
			isa = PBXNativeTarget;
			buildConfigurationList = 11E4FF902FC70AC200C6FAC9 /* Build configuration list for PBXNativeTarget "AgePony" */;
			buildPhases = (
				11E4FF692FC70AC000C6FAC9 /* Sources */,
				11E4FF6A2FC70AC000C6FAC9 /* Frameworks */,
				11E4FF6B2FC70AC000C6FAC9 /* Resources */,
			);
			buildRules = (
			);
			dependencies = (
			);
			fileSystemSynchronizedGroups = (
				11E4FF6F2FC70AC000C6FAC9 /* AgePony */,
			);
			name = AgePony;
			packageProductDependencies = (
				A6E000000000000000C0DE02 /* AgePonyCore */,
			);
			productName = AgePony;
			productReference = 11E4FF6D2FC70AC000C6FAC9 /* AgePony.app */;
			productType = "com.apple.product-type.application";
		};
		11E4FF7B2FC70AC200C6FAC9 /* AgePonyTests */ = {
			isa = PBXNativeTarget;
			buildConfigurationList = 11E4FF932FC70AC200C6FAC9 /* Build configuration list for PBXNativeTarget "AgePonyTests" */;
			buildPhases = (
				11E4FF782FC70AC200C6FAC9 /* Sources */,
				11E4FF792FC70AC200C6FAC9 /* Frameworks */,
				11E4FF7A2FC70AC200C6FAC9 /* Resources */,
			);
			buildRules = (
			);
			dependencies = (
				11E4FF7E2FC70AC200C6FAC9 /* PBXTargetDependency */,
			);
			fileSystemSynchronizedGroups = (
				11E4FF7F2FC70AC200C6FAC9 /* AgePonyTests */,
			);
			name = AgePonyTests;
			packageProductDependencies = (
			);
			productName = AgePonyTests;
			productReference = 11E4FF7C2FC70AC200C6FAC9 /* AgePonyTests.xctest */;
			productType = "com.apple.product-type.bundle.unit-test";
		};
		11E4FF852FC70AC200C6FAC9 /* AgePonyUITests */ = {
			isa = PBXNativeTarget;
			buildConfigurationList = 11E4FF962FC70AC200C6FAC9 /* Build configuration list for PBXNativeTarget "AgePonyUITests" */;
			buildPhases = (
				11E4FF822FC70AC200C6FAC9 /* Sources */,
				11E4FF832FC70AC200C6FAC9 /* Frameworks */,
				11E4FF842FC70AC200C6FAC9 /* Resources */,
			);
			buildRules = (
			);
			dependencies = (
				11E4FF882FC70AC200C6FAC9 /* PBXTargetDependency */,
			);
			fileSystemSynchronizedGroups = (
				11E4FF892FC70AC200C6FAC9 /* AgePonyUITests */,
			);
			name = AgePonyUITests;
			packageProductDependencies = (
			);
			productName = AgePonyUITests;
			productReference = 11E4FF862FC70AC200C6FAC9 /* AgePonyUITests.xctest */;
			productType = "com.apple.product-type.bundle.ui-testing";
		};
		A6E000000000000000C0DE10 /* AgePonyShareExtension */ = {
			isa = PBXNativeTarget;
			buildConfigurationList = A6E000000000000000C0DE15 /* Build configuration list for PBXNativeTarget "AgePonyShareExtension" */;
			buildPhases = (
				A6E000000000000000C0DE12 /* Sources */,
				A6E000000000000000C0DE13 /* Frameworks */,
				A6E000000000000000C0DE14 /* Resources */,
			);
			buildRules = (
			);
			dependencies = (
			);
			fileSystemSynchronizedGroups = (
				A6E000000000000000C0DE11 /* AgePonyShareExtension */,
			);
			name = AgePonyShareExtension;
			packageProductDependencies = (
			);
			productName = AgePonyShareExtension;
			productReference = A6E000000000000000C0DE18 /* AgePonyShareExtension.appex */;
			productType = "com.apple.product-type.app-extension";
		};
/* End PBXNativeTarget section */

/* Begin PBXProject section */
		11E4FF652FC70AC000C6FAC9 /* Project object */ = {
			isa = PBXProject;
			attributes = {
				BuildIndependentTargetsInParallel = 1;
				LastSwiftUpdateCheck = 2650;
				LastUpgradeCheck = 2650;
				TargetAttributes = {
					11E4FF6C2FC70AC000C6FAC9 = {
						CreatedOnToolsVersion = 26.5;
					};
					11E4FF7B2FC70AC200C6FAC9 = {
						CreatedOnToolsVersion = 26.5;
						TestTargetID = 11E4FF6C2FC70AC000C6FAC9;
					};
					11E4FF852FC70AC200C6FAC9 = {
						CreatedOnToolsVersion = 26.5;
						TestTargetID = 11E4FF6C2FC70AC000C6FAC9;
					};
					A6E000000000000000C0DE10 = {
						CreatedOnToolsVersion = 26.5;
					};
				};
			};
			buildConfigurationList = 11E4FF682FC70AC000C6FAC9 /* Build configuration list for PBXProject "AgePony" */;
			developmentRegion = en;
			hasScannedForEncodings = 0;
			knownRegions = (
				en,
				Base,
			);
			mainGroup = 11E4FF642FC70AC000C6FAC9;
			minimizedProjectReferenceProxies = 1;
			packageReferences = (
				A6E000000000000000C0DE01 /* XCLocalSwiftPackageReference "." */,
			);
			preferredProjectObjectVersion = 77;
			productRefGroup = 11E4FF6E2FC70AC000C6FAC9 /* Products */;
			projectDirPath = "";
			projectRoot = "";
			targets = (
				11E4FF6C2FC70AC000C6FAC9 /* AgePony */,
				A6E000000000000000C0DE10 /* AgePonyShareExtension */,
				11E4FF7B2FC70AC200C6FAC9 /* AgePonyTests */,
				11E4FF852FC70AC200C6FAC9 /* AgePonyUITests */,
			);
		};
/* End PBXProject section */

/* Begin PBXResourcesBuildPhase section */
		11E4FF6B2FC70AC000C6FAC9 /* Resources */ = {
			isa = PBXResourcesBuildPhase;
			buildActionMask = 2147483647;
			files = (
			);
			runOnlyForDeploymentPostprocessing = 0;
		};
		11E4FF7A2FC70AC200C6FAC9 /* Resources */ = {
			isa = PBXResourcesBuildPhase;
			buildActionMask = 2147483647;
			files = (
			);
			runOnlyForDeploymentPostprocessing = 0;
		};
		11E4FF842FC70AC200C6FAC9 /* Resources */ = {
			isa = PBXResourcesBuildPhase;
			buildActionMask = 2147483647;
			files = (
			);
			runOnlyForDeploymentPostprocessing = 0;
		};
		A6E000000000000000C0DE14 /* Resources */ = {
			isa = PBXResourcesBuildPhase;
			buildActionMask = 2147483647;
			files = (
			);
			runOnlyForDeploymentPostprocessing = 0;
		};
/* End PBXResourcesBuildPhase section */

/* Begin PBXSourcesBuildPhase section */
		11E4FF692FC70AC000C6FAC9 /* Sources */ = {
			isa = PBXSourcesBuildPhase;
			buildActionMask = 2147483647;
			files = (
			);
			runOnlyForDeploymentPostprocessing = 0;
		};
		11E4FF782FC70AC200C6FAC9 /* Sources */ = {
			isa = PBXSourcesBuildPhase;
			buildActionMask = 2147483647;
			files = (
			);
			runOnlyForDeploymentPostprocessing = 0;
		};
		11E4FF822FC70AC200C6FAC9 /* Sources */ = {
			isa = PBXSourcesBuildPhase;
			buildActionMask = 2147483647;
			files = (
			);
			runOnlyForDeploymentPostprocessing = 0;
		};
		A6E000000000000000C0DE12 /* Sources */ = {
			isa = PBXSourcesBuildPhase;
			buildActionMask = 2147483647;
			files = (
			);
			runOnlyForDeploymentPostprocessing = 0;
		};
/* End PBXSourcesBuildPhase section */

/* Begin PBXTargetDependency section */
		11E4FF7E2FC70AC200C6FAC9 /* PBXTargetDependency */ = {
			isa = PBXTargetDependency;
			target = 11E4FF6C2FC70AC000C6FAC9 /* AgePony */;
			targetProxy = 11E4FF7D2FC70AC200C6FAC9 /* PBXContainerItemProxy */;
		};
		11E4FF882FC70AC200C6FAC9 /* PBXTargetDependency */ = {
			isa = PBXTargetDependency;
			target = 11E4FF6C2FC70AC000C6FAC9 /* AgePony */;
			targetProxy = 11E4FF872FC70AC200C6FAC9 /* PBXContainerItemProxy */;
		};
/* End PBXTargetDependency section */

/* Begin XCBuildConfiguration section */
		11E4FF8E2FC70AC200C6FAC9 /* Debug */ = {
			isa = XCBuildConfiguration;
			buildSettings = {
				ALWAYS_SEARCH_USER_PATHS = NO;
				ASSETCATALOG_COMPILER_GENERATE_SWIFT_ASSET_SYMBOL_EXTENSIONS = YES;
				CLANG_ANALYZER_NONNULL = YES;
				CLANG_ANALYZER_NUMBER_OBJECT_CONVERSION = YES_AGGRESSIVE;
				CLANG_CXX_LANGUAGE_STANDARD = "gnu++20";
				CLANG_ENABLE_MODULES = YES;
				CLANG_ENABLE_OBJC_ARC = YES;
				CLANG_ENABLE_OBJC_WEAK = YES;
				CLANG_WARN_BLOCK_CAPTURE_AUTORELEASING = YES;
				CLANG_WARN_BOOL_CONVERSION = YES;
				CLANG_WARN_COMMA = YES;
				CLANG_WARN_CONSTANT_CONVERSION = YES;
				CLANG_WARN_DEPRECATED_OBJC_IMPLEMENTATIONS = YES;
				CLANG_WARN_DIRECT_OBJC_ISA_USAGE = YES_ERROR;
				CLANG_WARN_DOCUMENTATION_COMMENTS = YES;
				CLANG_WARN_EMPTY_BODY = YES;
				CLANG_WARN_ENUM_CONVERSION = YES;
				CLANG_WARN_INFINITE_RECURSION = YES;
				CLANG_WARN_INT_CONVERSION = YES;
				CLANG_WARN_NON_LITERAL_NULL_CONVERSION = YES;
				CLANG_WARN_OBJC_IMPLICIT_RETAIN_SELF = YES;
				CLANG_WARN_OBJC_LITERAL_CONVERSION = YES;
				CLANG_WARN_OBJC_ROOT_CLASS = YES_ERROR;
				CLANG_WARN_QUOTED_INCLUDE_IN_FRAMEWORK_HEADER = YES;
				CLANG_WARN_RANGE_LOOP_ANALYSIS = YES;
				CLANG_WARN_STRICT_PROTOTYPES = YES;
				CLANG_WARN_SUSPICIOUS_MOVE = YES;
				CLANG_WARN_UNGUARDED_AVAILABILITY = YES_AGGRESSIVE;
				CLANG_WARN_UNREACHABLE_CODE = YES;
				CLANG_WARN__DUPLICATE_METHOD_MATCH = YES;
				COPY_PHASE_STRIP = NO;
				DEBUG_INFORMATION_FORMAT = dwarf;
				DEVELOPMENT_TEAM = 4AVJZV35G8;
				ENABLE_STRICT_OBJC_MSGSEND = YES;
				ENABLE_TESTABILITY = YES;
				ENABLE_USER_SCRIPT_SANDBOXING = YES;
				GCC_C_LANGUAGE_STANDARD = gnu17;
				GCC_DYNAMIC_NO_PIC = NO;
				GCC_NO_COMMON_BLOCKS = YES;
				GCC_OPTIMIZATION_LEVEL = 0;
				GCC_PREPROCESSOR_DEFINITIONS = (
					"DEBUG=1",
					"$(inherited)",
				);
				GCC_WARN_64_TO_32_BIT_CONVERSION = YES;
				GCC_WARN_ABOUT_RETURN_TYPE = YES_ERROR;
				GCC_WARN_UNDECLARED_SELECTOR = YES;
				GCC_WARN_UNINITIALIZED_AUTOS = YES_AGGRESSIVE;
				GCC_WARN_UNUSED_FUNCTION = YES;
				GCC_WARN_UNUSED_VARIABLE = YES;
				IPHONEOS_DEPLOYMENT_TARGET = 26.5;
				LOCALIZATION_PREFERS_STRING_CATALOGS = YES;
				MTL_ENABLE_DEBUG_INFO = INCLUDE_SOURCE;
				MTL_FAST_MATH = YES;
				ONLY_ACTIVE_ARCH = YES;
				SDKROOT = iphoneos;
				SWIFT_ACTIVE_COMPILATION_CONDITIONS = "DEBUG $(inherited)";
				SWIFT_OPTIMIZATION_LEVEL = "-Onone";
			};
			name = Debug;
		};
		11E4FF8F2FC70AC200C6FAC9 /* Release */ = {
			isa = XCBuildConfiguration;
			buildSettings = {
				ALWAYS_SEARCH_USER_PATHS = NO;
				ASSETCATALOG_COMPILER_GENERATE_SWIFT_ASSET_SYMBOL_EXTENSIONS = YES;
				CLANG_ANALYZER_NONNULL = YES;
				CLANG_ANALYZER_NUMBER_OBJECT_CONVERSION = YES_AGGRESSIVE;
				CLANG_CXX_LANGUAGE_STANDARD = "gnu++20";
				CLANG_ENABLE_MODULES = YES;
				CLANG_ENABLE_OBJC_ARC = YES;
				CLANG_ENABLE_OBJC_WEAK = YES;
				CLANG_WARN_BLOCK_CAPTURE_AUTORELEASING = YES;
				CLANG_WARN_BOOL_CONVERSION = YES;
				CLANG_WARN_COMMA = YES;
				CLANG_WARN_CONSTANT_CONVERSION = YES;
				CLANG_WARN_DEPRECATED_OBJC_IMPLEMENTATIONS = YES;
				CLANG_WARN_DIRECT_OBJC_ISA_USAGE = YES_ERROR;
				CLANG_WARN_DOCUMENTATION_COMMENTS = YES;
				CLANG_WARN_EMPTY_BODY = YES;
				CLANG_WARN_ENUM_CONVERSION = YES;
				CLANG_WARN_INFINITE_RECURSION = YES;
				CLANG_WARN_INT_CONVERSION = YES;
				CLANG_WARN_NON_LITERAL_NULL_CONVERSION = YES;
				CLANG_WARN_OBJC_IMPLICIT_RETAIN_SELF = YES;
				CLANG_WARN_OBJC_LITERAL_CONVERSION = YES;
				CLANG_WARN_OBJC_ROOT_CLASS = YES_ERROR;
				CLANG_WARN_QUOTED_INCLUDE_IN_FRAMEWORK_HEADER = YES;
				CLANG_WARN_RANGE_LOOP_ANALYSIS = YES;
				CLANG_WARN_STRICT_PROTOTYPES = YES;
				CLANG_WARN_SUSPICIOUS_MOVE = YES;
				CLANG_WARN_UNGUARDED_AVAILABILITY = YES_AGGRESSIVE;
				CLANG_WARN_UNREACHABLE_CODE = YES;
				CLANG_WARN__DUPLICATE_METHOD_MATCH = YES;
				COPY_PHASE_STRIP = NO;
				DEBUG_INFORMATION_FORMAT = "dwarf-with-dsym";
				DEVELOPMENT_TEAM = 4AVJZV35G8;
				ENABLE_NS_ASSERTIONS = NO;
				ENABLE_STRICT_OBJC_MSGSEND = YES;
				ENABLE_USER_SCRIPT_SANDBOXING = YES;
				GCC_C_LANGUAGE_STANDARD = gnu17;
				GCC_NO_COMMON_BLOCKS = YES;
				GCC_WARN_64_TO_32_BIT_CONVERSION = YES;
				GCC_WARN_ABOUT_RETURN_TYPE = YES_ERROR;
				GCC_WARN_UNDECLARED_SELECTOR = YES;
				GCC_WARN_UNINITIALIZED_AUTOS = YES_AGGRESSIVE;
				GCC_WARN_UNUSED_FUNCTION = YES;
				GCC_WARN_UNUSED_VARIABLE = YES;
				IPHONEOS_DEPLOYMENT_TARGET = 26.5;
				LOCALIZATION_PREFERS_STRING_CATALOGS = YES;
				MTL_ENABLE_DEBUG_INFO = NO;
				MTL_FAST_MATH = YES;
				SDKROOT = iphoneos;
				SWIFT_COMPILATION_MODE = wholemodule;
				VALIDATE_PRODUCT = YES;
			};
			name = Release;
		};
		11E4FF912FC70AC200C6FAC9 /* Debug */ = {
			isa = XCBuildConfiguration;
			buildSettings = {
				ASSETCATALOG_COMPILER_APPICON_NAME = AppIcon;
				ASSETCATALOG_COMPILER_GLOBAL_ACCENT_COLOR_NAME = AccentColor;
				CODE_SIGN_ENTITLEMENTS = AgePony.entitlements;
				CODE_SIGN_STYLE = Automatic;
				CURRENT_PROJECT_VERSION = 2;
				DEVELOPMENT_TEAM = 4AVJZV35G8;
				ENABLE_PREVIEWS = YES;
				GENERATE_INFOPLIST_FILE = NO;
				INFOPLIST_FILE = Info.plist;
				INFOPLIST_KEY_LSApplicationCategoryType = "public.app-category.utilities";
				INFOPLIST_KEY_UIApplicationSceneManifest_Generation = YES;
				INFOPLIST_KEY_UIApplicationSupportsIndirectInputEvents = YES;
				INFOPLIST_KEY_UILaunchScreen_Generation = YES;
				INFOPLIST_KEY_UISupportedInterfaceOrientations_iPad = "UIInterfaceOrientationPortrait UIInterfaceOrientationPortraitUpsideDown UIInterfaceOrientationLandscapeLeft UIInterfaceOrientationLandscapeRight";
				INFOPLIST_KEY_UISupportedInterfaceOrientations_iPhone = "UIInterfaceOrientationPortrait UIInterfaceOrientationLandscapeLeft UIInterfaceOrientationLandscapeRight";
				IPHONEOS_DEPLOYMENT_TARGET = 18.6;
				LD_RUNPATH_SEARCH_PATHS = (
					"$(inherited)",
					"@executable_path/Frameworks",
				);
				MARKETING_VERSION = 3.1.0;
				PRODUCT_BUNDLE_IDENTIFIER = com.agepony.app;
				PRODUCT_NAME = "$(TARGET_NAME)";
				STRING_CATALOG_GENERATE_SYMBOLS = YES;
				SUPPORTED_PLATFORMS = "iphoneos iphonesimulator";
				SUPPORTS_MACCATALYST = NO;
				SUPPORTS_MAC_DESIGNED_FOR_IPHONE_IPAD = NO;
				SUPPORTS_XR_DESIGNED_FOR_IPHONE_IPAD = NO;
				SWIFT_APPROACHABLE_CONCURRENCY = YES;
				SWIFT_DEFAULT_ACTOR_ISOLATION = MainActor;
				SWIFT_EMIT_LOC_STRINGS = YES;
				SWIFT_UPCOMING_FEATURE_MEMBER_IMPORT_VISIBILITY = YES;
				SWIFT_VERSION = 5.0;
				TARGETED_DEVICE_FAMILY = 1;
			};
			name = Debug;
		};
		11E4FF922FC70AC200C6FAC9 /* Release */ = {
			isa = XCBuildConfiguration;
			buildSettings = {
				ASSETCATALOG_COMPILER_APPICON_NAME = AppIcon;
				ASSETCATALOG_COMPILER_GLOBAL_ACCENT_COLOR_NAME = AccentColor;
				CODE_SIGN_ENTITLEMENTS = AgePony.entitlements;
				CODE_SIGN_STYLE = Automatic;
				CURRENT_PROJECT_VERSION = 2;
				DEVELOPMENT_TEAM = 4AVJZV35G8;
				ENABLE_PREVIEWS = YES;
				GENERATE_INFOPLIST_FILE = NO;
				INFOPLIST_FILE = Info.plist;
				INFOPLIST_KEY_LSApplicationCategoryType = "public.app-category.utilities";
				INFOPLIST_KEY_UIApplicationSceneManifest_Generation = YES;
				INFOPLIST_KEY_UIApplicationSupportsIndirectInputEvents = YES;
				INFOPLIST_KEY_UILaunchScreen_Generation = YES;
				INFOPLIST_KEY_UISupportedInterfaceOrientations_iPad = "UIInterfaceOrientationPortrait UIInterfaceOrientationPortraitUpsideDown UIInterfaceOrientationLandscapeLeft UIInterfaceOrientationLandscapeRight";
				INFOPLIST_KEY_UISupportedInterfaceOrientations_iPhone = "UIInterfaceOrientationPortrait UIInterfaceOrientationLandscapeLeft UIInterfaceOrientationLandscapeRight";
				IPHONEOS_DEPLOYMENT_TARGET = 18.6;
				LD_RUNPATH_SEARCH_PATHS = (
					"$(inherited)",
					"@executable_path/Frameworks",
				);
				MARKETING_VERSION = 3.1.0;
				PRODUCT_BUNDLE_IDENTIFIER = com.agepony.app;
				PRODUCT_NAME = "$(TARGET_NAME)";
				STRING_CATALOG_GENERATE_SYMBOLS = YES;
				SUPPORTED_PLATFORMS = "iphoneos iphonesimulator";
				SUPPORTS_MACCATALYST = NO;
				SUPPORTS_MAC_DESIGNED_FOR_IPHONE_IPAD = NO;
				SUPPORTS_XR_DESIGNED_FOR_IPHONE_IPAD = NO;
				SWIFT_APPROACHABLE_CONCURRENCY = YES;
				SWIFT_DEFAULT_ACTOR_ISOLATION = MainActor;
				SWIFT_EMIT_LOC_STRINGS = YES;
				SWIFT_UPCOMING_FEATURE_MEMBER_IMPORT_VISIBILITY = YES;
				SWIFT_VERSION = 5.0;
				TARGETED_DEVICE_FAMILY = 1;
			};
			name = Release;
		};
		11E4FF942FC70AC200C6FAC9 /* Debug */ = {
			isa = XCBuildConfiguration;
			buildSettings = {
				BUNDLE_LOADER = "$(TEST_HOST)";
				CODE_SIGN_STYLE = Automatic;
				CURRENT_PROJECT_VERSION = 1;
				DEVELOPMENT_TEAM = 4AVJZV35G8;
				GENERATE_INFOPLIST_FILE = YES;
				IPHONEOS_DEPLOYMENT_TARGET = 26.5;
				MARKETING_VERSION = 1.0;
				PRODUCT_BUNDLE_IDENTIFIER = NorseHorse.AgePonyTests;
				PRODUCT_NAME = "$(TARGET_NAME)";
				STRING_CATALOG_GENERATE_SYMBOLS = NO;
				SWIFT_APPROACHABLE_CONCURRENCY = YES;
				SWIFT_EMIT_LOC_STRINGS = NO;
				SWIFT_UPCOMING_FEATURE_MEMBER_IMPORT_VISIBILITY = YES;
				SWIFT_VERSION = 5.0;
				TARGETED_DEVICE_FAMILY = "1,2";
				TEST_HOST = "$(BUILT_PRODUCTS_DIR)/AgePony.app/$(BUNDLE_EXECUTABLE_FOLDER_PATH)/AgePony";
			};
			name = Debug;
		};
		11E4FF952FC70AC200C6FAC9 /* Release */ = {
			isa = XCBuildConfiguration;
			buildSettings = {
				BUNDLE_LOADER = "$(TEST_HOST)";
				CODE_SIGN_STYLE = Automatic;
				CURRENT_PROJECT_VERSION = 1;
				DEVELOPMENT_TEAM = 4AVJZV35G8;
				GENERATE_INFOPLIST_FILE = YES;
				IPHONEOS_DEPLOYMENT_TARGET = 26.5;
				MARKETING_VERSION = 1.0;
				PRODUCT_BUNDLE_IDENTIFIER = NorseHorse.AgePonyTests;
				PRODUCT_NAME = "$(TARGET_NAME)";
				STRING_CATALOG_GENERATE_SYMBOLS = NO;
				SWIFT_APPROACHABLE_CONCURRENCY = YES;
				SWIFT_EMIT_LOC_STRINGS = NO;
				SWIFT_UPCOMING_FEATURE_MEMBER_IMPORT_VISIBILITY = YES;
				SWIFT_VERSION = 5.0;
				TARGETED_DEVICE_FAMILY = "1,2";
				TEST_HOST = "$(BUILT_PRODUCTS_DIR)/AgePony.app/$(BUNDLE_EXECUTABLE_FOLDER_PATH)/AgePony";
			};
			name = Release;
		};
		11E4FF972FC70AC200C6FAC9 /* Debug */ = {
			isa = XCBuildConfiguration;
			buildSettings = {
				CODE_SIGN_STYLE = Automatic;
				CURRENT_PROJECT_VERSION = 1;
				DEVELOPMENT_TEAM = 4AVJZV35G8;
				GENERATE_INFOPLIST_FILE = YES;
				MARKETING_VERSION = 1.0;
				PRODUCT_BUNDLE_IDENTIFIER = NorseHorse.AgePonyUITests;
				PRODUCT_NAME = "$(TARGET_NAME)";
				STRING_CATALOG_GENERATE_SYMBOLS = NO;
				SWIFT_APPROACHABLE_CONCURRENCY = YES;
				SWIFT_EMIT_LOC_STRINGS = NO;
				SWIFT_UPCOMING_FEATURE_MEMBER_IMPORT_VISIBILITY = YES;
				SWIFT_VERSION = 5.0;
				TARGETED_DEVICE_FAMILY = "1,2";
				TEST_TARGET_NAME = AgePony;
			};
			name = Debug;
		};
		11E4FF982FC70AC200C6FAC9 /* Release */ = {
			isa = XCBuildConfiguration;
			buildSettings = {
				CODE_SIGN_STYLE = Automatic;
				CURRENT_PROJECT_VERSION = 1;
				DEVELOPMENT_TEAM = 4AVJZV35G8;
				GENERATE_INFOPLIST_FILE = YES;
				MARKETING_VERSION = 1.0;
				PRODUCT_BUNDLE_IDENTIFIER = NorseHorse.AgePonyUITests;
				PRODUCT_NAME = "$(TARGET_NAME)";
				STRING_CATALOG_GENERATE_SYMBOLS = NO;
				SWIFT_APPROACHABLE_CONCURRENCY = YES;
				SWIFT_EMIT_LOC_STRINGS = NO;
				SWIFT_UPCOMING_FEATURE_MEMBER_IMPORT_VISIBILITY = YES;
				SWIFT_VERSION = 5.0;
				TARGETED_DEVICE_FAMILY = "1,2";
				TEST_TARGET_NAME = AgePony;
			};
			name = Release;
		};
		A6E000000000000000C0DE16 /* Debug */ = {
			isa = XCBuildConfiguration;
			buildSettings = {
				CODE_SIGN_ENTITLEMENTS = AgePonyShareExtension/AgePonyShareExtension.entitlements;
				CODE_SIGN_STYLE = Automatic;
				CURRENT_PROJECT_VERSION = 2;
				DEVELOPMENT_TEAM = 4AVJZV35G8;
				GENERATE_INFOPLIST_FILE = NO;
				INFOPLIST_FILE = "AgePonyShareExtension-Info.plist";
				IPHONEOS_DEPLOYMENT_TARGET = 18.6;
				LD_RUNPATH_SEARCH_PATHS = (
					"$(inherited)",
					"@executable_path/Frameworks",
					"@executable_path/../../Frameworks",
				);
				MARKETING_VERSION = 3.1.0;
				PRODUCT_BUNDLE_IDENTIFIER = com.agepony.app.ShareExtension;
				PRODUCT_NAME = "$(TARGET_NAME)";
				SKIP_INSTALL = YES;
				SUPPORTED_PLATFORMS = "iphoneos iphonesimulator";
				SUPPORTS_MACCATALYST = NO;
				SUPPORTS_MAC_DESIGNED_FOR_IPHONE_IPAD = NO;
				SUPPORTS_XR_DESIGNED_FOR_IPHONE_IPAD = NO;
				SWIFT_APPROACHABLE_CONCURRENCY = YES;
				SWIFT_DEFAULT_ACTOR_ISOLATION = MainActor;
				SWIFT_EMIT_LOC_STRINGS = YES;
				SWIFT_UPCOMING_FEATURE_MEMBER_IMPORT_VISIBILITY = YES;
				SWIFT_VERSION = 5.0;
				TARGETED_DEVICE_FAMILY = 1;
			};
			name = Debug;
		};
		A6E000000000000000C0DE17 /* Release */ = {
			isa = XCBuildConfiguration;
			buildSettings = {
				CODE_SIGN_ENTITLEMENTS = AgePonyShareExtension/AgePonyShareExtension.entitlements;
				CODE_SIGN_STYLE = Automatic;
				CURRENT_PROJECT_VERSION = 2;
				DEVELOPMENT_TEAM = 4AVJZV35G8;
				GENERATE_INFOPLIST_FILE = NO;
				INFOPLIST_FILE = "AgePonyShareExtension-Info.plist";
				IPHONEOS_DEPLOYMENT_TARGET = 18.6;
				LD_RUNPATH_SEARCH_PATHS = (
					"$(inherited)",
					"@executable_path/Frameworks",
					"@executable_path/../../Frameworks",
				);
				MARKETING_VERSION = 3.1.0;
				PRODUCT_BUNDLE_IDENTIFIER = com.agepony.app.ShareExtension;
				PRODUCT_NAME = "$(TARGET_NAME)";
				SKIP_INSTALL = YES;
				SUPPORTED_PLATFORMS = "iphoneos iphonesimulator";
				SUPPORTS_MACCATALYST = NO;
				SUPPORTS_MAC_DESIGNED_FOR_IPHONE_IPAD = NO;
				SUPPORTS_XR_DESIGNED_FOR_IPHONE_IPAD = NO;
				SWIFT_APPROACHABLE_CONCURRENCY = YES;
				SWIFT_DEFAULT_ACTOR_ISOLATION = MainActor;
				SWIFT_EMIT_LOC_STRINGS = YES;
				SWIFT_UPCOMING_FEATURE_MEMBER_IMPORT_VISIBILITY = YES;
				SWIFT_VERSION = 5.0;
				TARGETED_DEVICE_FAMILY = 1;
			};
			name = Release;
		};
/* End XCBuildConfiguration section */

/* Begin XCConfigurationList section */
		11E4FF682FC70AC000C6FAC9 /* Build configuration list for PBXProject "AgePony" */ = {
			isa = XCConfigurationList;
			buildConfigurations = (
				11E4FF8E2FC70AC200C6FAC9 /* Debug */,
				11E4FF8F2FC70AC200C6FAC9 /* Release */,
			);
			defaultConfigurationIsVisible = 0;
			defaultConfigurationName = Release;
		};
		11E4FF902FC70AC200C6FAC9 /* Build configuration list for PBXNativeTarget "AgePony" */ = {
			isa = XCConfigurationList;
			buildConfigurations = (
				11E4FF912FC70AC200C6FAC9 /* Debug */,
				11E4FF922FC70AC200C6FAC9 /* Release */,
			);
			defaultConfigurationIsVisible = 0;
			defaultConfigurationName = Release;
		};
		11E4FF932FC70AC200C6FAC9 /* Build configuration list for PBXNativeTarget "AgePonyTests" */ = {
			isa = XCConfigurationList;
			buildConfigurations = (
				11E4FF942FC70AC200C6FAC9 /* Debug */,
				11E4FF952FC70AC200C6FAC9 /* Release */,
			);
			defaultConfigurationIsVisible = 0;
			defaultConfigurationName = Release;
		};
		11E4FF962FC70AC200C6FAC9 /* Build configuration list for PBXNativeTarget "AgePonyUITests" */ = {
			isa = XCConfigurationList;
			buildConfigurations = (
				11E4FF972FC70AC200C6FAC9 /* Debug */,
				11E4FF982FC70AC200C6FAC9 /* Release */,
			);
			defaultConfigurationIsVisible = 0;
			defaultConfigurationName = Release;
		};
		A6E000000000000000C0DE15 /* Build configuration list for PBXNativeTarget "AgePonyShareExtension" */ = {
			isa = XCConfigurationList;
			buildConfigurations = (
				A6E000000000000000C0DE16 /* Debug */,
				A6E000000000000000C0DE17 /* Release */,
			);
			defaultConfigurationIsVisible = 0;
			defaultConfigurationName = Release;
		};
/* End XCConfigurationList section */

/* Begin XCLocalSwiftPackageReference section */
		A6E000000000000000C0DE01 /* XCLocalSwiftPackageReference "." */ = {
			isa = XCLocalSwiftPackageReference;
			relativePath = .;
		};
/* End XCLocalSwiftPackageReference section */

/* Begin XCSwiftPackageProductDependency section */
		A6E000000000000000C0DE02 /* AgePonyCore */ = {
			isa = XCSwiftPackageProductDependency;
			productName = AgePonyCore;
		};
/* End XCSwiftPackageProductDependency section */
	};
	rootObject = 11E4FF652FC70AC000C6FAC9 /* Project object */;
}
